
Microsoft Visual Studio Solution File, Format Version 12.00
# Visual Studio Version 16
VisualStudioVersion = 16.0.33130.400
MinimumVisualStudioVersion = 10.0.40219.1
Project("{FAE04EC0-301F-11D3-BF4B-00C04F79EFBC}") = "Module 9.1", "Module 9.1\Module 9.1.csproj", "{C6C37091-9DA4-4AA6-B7C4-51C08A3AB5F4}"
EndProject
Global
	GlobalSection(SolutionConfigurationPlatforms) = preSolution
		Debug|Any CPU = Debug|Any CPU
		Release|Any CPU = Release|Any CPU
	EndGlobalSection
	GlobalSection(ProjectConfigurationPlatforms) = postSolution
		{C6C37091-9DA4-4AA6-B7C4-51C08A3AB5F4}.Debug|Any CPU.ActiveCfg = Debug|Any CPU
		{C6C37091-9DA4-4AA6-B7C4-51C08A3AB5F4}.Debug|Any CPU.Build.0 = Debug|Any CPU
		{C6C37091-9DA4-4AA6-B7C4-51C08A3AB5F4}.Release|Any CPU.ActiveCfg = Release|Any CPU
		{C6C37091-9DA4-4AA6-B7C4-51C08A3AB5F4}.Release|Any CPU.Build.0 = Release|Any CPU
	EndGlobalSection
	GlobalSection(SolutionProperties) = preSolution
		HideSolutionNode = FALSE
	EndGlobalSection
	GlobalSection(ExtensibilityGlobals) = postSolution
		SolutionGuid = {A4DB0FF1-2843-4335-AAF2-0419D4C976BD}
	EndGlobalSection
EndGlobal
